
Microsoft Visual Studio Solution File, Format Version 12.00
# Visual Studio Version 16
VisualStudioVersion = 16.0.30621.155
MinimumVisualStudioVersion = 10.0.40219.1
Project("{8BC9CEB8-8B4A-11D0-8D11-00A0C91BC942}") = "CIS170 Lab5", "CIS170 Lab5\CIS170 Lab5.vcxproj", "{A6BD93DC-3FDC-4292-83F4-5DDFF8980575}"
EndProject
Global
	GlobalSection(SolutionConfigurationPlatforms) = preSolution
		Debug|x64 = Debug|x64
		Debug|x86 = Debug|x86
		Release|x64 = Release|x64
		Release|x86 = Release|x86
	EndGlobalSection
	GlobalSection(ProjectConfigurationPlatforms) = postSolution
		{A6BD93DC-3FDC-4292-83F4-5DDFF8980575}.Debug|x64.ActiveCfg = Debug|x64
		{A6BD93DC-3FDC-4292-83F4-5DDFF8980575}.Debug|x64.Build.0 = Debug|x64
		{A6BD93DC-3FDC-4292-83F4-5DDFF8980575}.Debug|x86.ActiveCfg = Debug|Win32
		{A6BD93DC-3FDC-4292-83F4-5DDFF8980575}.Debug|x86.Build.0 = Debug|Win32
		{A6BD93DC-3FDC-4292-83F4-5DDFF8980575}.Release|x64.ActiveCfg = Release|x64
		{A6BD93DC-3FDC-4292-83F4-5DDFF8980575}.Release|x64.Build.0 = Release|x64
		{A6BD93DC-3FDC-4292-83F4-5DDFF8980575}.Release|x86.ActiveCfg = Release|Win32
		{A6BD93DC-3FDC-4292-83F4-5DDFF8980575}.Release|x86.Build.0 = Release|Win32
	EndGlobalSection
	GlobalSection(SolutionProperties) = preSolution
		HideSolutionNode = FALSE
	EndGlobalSection
	GlobalSection(ExtensibilityGlobals) = postSolution
		SolutionGuid = {344A7F42-F4A3-4FCD-BD1E-4505D5AB473E}
	EndGlobalSection
EndGlobal
